// !$*UTF8*$!
{
	archiveVersion = 1;
	classes = {
	};
	objectVersion = 56;
	objects = {

/* Begin PBXBuildFile section */
		25E3C8C629AFDD3700F0C3BF /* AppDelegate.swift in Sources */ = {isa = PBXBuildFile; fileRef = 25E3C8C529AFDD3700F0C3BF /* AppDelegate.swift */; };
		25E3C8C829AFDD3700F0C3BF /* SceneDelegate.swift in Sources */ = {isa = PBXBuildFile; fileRef = 25E3C8C729AFDD3700F0C3BF /* SceneDelegate.swift */; };
		25E3C8CA29AFDD3700F0C3BF /* ProductsListViewController.swift in Sources */ = {isa = PBXBuildFile; fileRef = 25E3C8C929AFDD3700F0C3BF /* ProductsListViewController.swift */; };
		25E3C8CF29AFDD3900F0C3BF /* Assets.xcassets in Resources */ = {isa = PBXBuildFile; fileRef = 25E3C8CE29AFDD3900F0C3BF /* Assets.xcassets */; };
		25E3C8D229AFDD3900F0C3BF /* LaunchScreen.storyboard in Resources */ = {isa = PBXBuildFile; fileRef = 25E3C8D029AFDD3900F0C3BF /* LaunchScreen.storyboard */; };
		25E3C8DF29AFDFDA00F0C3BF /* ProductsListView.swift in Sources */ = {isa = PBXBuildFile; fileRef = 25E3C8DE29AFDFDA00F0C3BF /* ProductsListView.swift */; };
		25E3C8E229AFE04A00F0C3BF /* Product.swift in Sources */ = {isa = PBXBuildFile; fileRef = 25E3C8E129AFE04A00F0C3BF /* Product.swift */; };
		25E3C8E529AFE2AF00F0C3BF /* ProductsService.swift in Sources */ = {isa = PBXBuildFile; fileRef = 25E3C8E429AFE2AF00F0C3BF /* ProductsService.swift */; };
		25E3C8E729AFE3C600F0C3BF /* ServiceProtocol.swift in Sources */ = {isa = PBXBuildFile; fileRef = 25E3C8E629AFE3C600F0C3BF /* ServiceProtocol.swift */; };
		25E3C8E929AFE3FD00F0C3BF /* HTTPMethod.swift in Sources */ = {isa = PBXBuildFile; fileRef = 25E3C8E829AFE3FD00F0C3BF /* HTTPMethod.swift */; };
		25E3C8EB29AFE48100F0C3BF /* NetworkManager.swift in Sources */ = {isa = PBXBuildFile; fileRef = 25E3C8EA29AFE48100F0C3BF /* NetworkManager.swift */; };
		25E3C8EE29AFE9DC00F0C3BF /* ProductListViewModel.swift in Sources */ = {isa = PBXBuildFile; fileRef = 25E3C8ED29AFE9DC00F0C3BF /* ProductListViewModel.swift */; };
		25E3C8F029AFF10D00F0C3BF /* ProductsListDataSource.swift in Sources */ = {isa = PBXBuildFile; fileRef = 25E3C8EF29AFF10D00F0C3BF /* ProductsListDataSource.swift */; };
		25E3C8F229AFF2B700F0C3BF /* ProductListCell.swift in Sources */ = {isa = PBXBuildFile; fileRef = 25E3C8F129AFF2B700F0C3BF /* ProductListCell.swift */; };
		25E3C8F529AFF38A00F0C3BF /* Identifiable.swift in Sources */ = {isa = PBXBuildFile; fileRef = 25E3C8F429AFF38A00F0C3BF /* Identifiable.swift */; };
		25E3C8F729AFFAAA00F0C3BF /* LayoutEdge.swift in Sources */ = {isa = PBXBuildFile; fileRef = 25E3C8F629AFFAAA00F0C3BF /* LayoutEdge.swift */; };
		25E3C8F929AFFAFA00F0C3BF /* SequenceOptionSet.swift in Sources */ = {isa = PBXBuildFile; fileRef = 25E3C8F829AFFAFA00F0C3BF /* SequenceOptionSet.swift */; };
		25E3C8FB29AFFB2400F0C3BF /* OptionSetIterator.swift in Sources */ = {isa = PBXBuildFile; fileRef = 25E3C8FA29AFFB2400F0C3BF /* OptionSetIterator.swift */; };
		25E3C8FE29AFFD2500F0C3BF /* Colors.swift in Sources */ = {isa = PBXBuildFile; fileRef = 25E3C8FD29AFFD2500F0C3BF /* Colors.swift */; };
/* End PBXBuildFile section */

/* Begin PBXFileReference section */
		25E3C8C229AFDD3700F0C3BF /* ZadanieRekrutacyjne.app */ = {isa = PBXFileReference; explicitFileType = wrapper.application; includeInIndex = 0; path = ZadanieRekrutacyjne.app; sourceTree = BUILT_PRODUCTS_DIR; };
		25E3C8C529AFDD3700F0C3BF /* AppDelegate.swift */ = {isa = PBXFileReference; lastKnownFileType = sourcecode.swift; path = AppDelegate.swift; sourceTree = "<group>"; };
		25E3C8C729AFDD3700F0C3BF /* SceneDelegate.swift */ = {isa = PBXFileReference; lastKnownFileType = sourcecode.swift; path = SceneDelegate.swift; sourceTree = "<group>"; };
		25E3C8C929AFDD3700F0C3BF /* ProductsListViewController.swift */ = {isa = PBXFileReference; lastKnownFileType = sourcecode.swift; path = ProductsListViewController.swift; sourceTree = "<group>"; };
		25E3C8CE29AFDD3900F0C3BF /* Assets.xcassets */ = {isa = PBXFileReference; lastKnownFileType = folder.assetcatalog; path = Assets.xcassets; sourceTree = "<group>"; };
		25E3C8D129AFDD3900F0C3BF /* Base */ = {isa = PBXFileReference; lastKnownFileType = file.storyboard; name = Base; path = Base.lproj/LaunchScreen.storyboard; sourceTree = "<group>"; };
		25E3C8D329AFDD3900F0C3BF /* Info.plist */ = {isa = PBXFileReference; lastKnownFileType = text.plist.xml; path = Info.plist; sourceTree = "<group>"; };
		25E3C8DE29AFDFDA00F0C3BF /* ProductsListView.swift */ = {isa = PBXFileReference; lastKnownFileType = sourcecode.swift; path = ProductsListView.swift; sourceTree = "<group>"; };
		25E3C8E129AFE04A00F0C3BF /* Product.swift */ = {isa = PBXFileReference; lastKnownFileType = sourcecode.swift; path = Product.swift; sourceTree = "<group>"; };
		25E3C8E429AFE2AF00F0C3BF /* ProductsService.swift */ = {isa = PBXFileReference; lastKnownFileType = sourcecode.swift; path = ProductsService.swift; sourceTree = "<group>"; };
		25E3C8E629AFE3C600F0C3BF /* ServiceProtocol.swift */ = {isa = PBXFileReference; lastKnownFileType = sourcecode.swift; path = ServiceProtocol.swift; sourceTree = "<group>"; };
		25E3C8E829AFE3FD00F0C3BF /* HTTPMethod.swift */ = {isa = PBXFileReference; lastKnownFileType = sourcecode.swift; path = HTTPMethod.swift; sourceTree = "<group>"; };
		25E3C8EA29AFE48100F0C3BF /* NetworkManager.swift */ = {isa = PBXFileReference; lastKnownFileType = sourcecode.swift; path = NetworkManager.swift; sourceTree = "<group>"; };
		25E3C8ED29AFE9DC00F0C3BF /* ProductListViewModel.swift */ = {isa = PBXFileReference; lastKnownFileType = sourcecode.swift; path = ProductListViewModel.swift; sourceTree = "<group>"; };
		25E3C8EF29AFF10D00F0C3BF /* ProductsListDataSource.swift */ = {isa = PBXFileReference; lastKnownFileType = sourcecode.swift; path = ProductsListDataSource.swift; sourceTree = "<group>"; };
		25E3C8F129AFF2B700F0C3BF /* ProductListCell.swift */ = {isa = PBXFileReference; lastKnownFileType = sourcecode.swift; path = ProductListCell.swift; sourceTree = "<group>"; };
		25E3C8F429AFF38A00F0C3BF /* Identifiable.swift */ = {isa = PBXFileReference; lastKnownFileType = sourcecode.swift; path = Identifiable.swift; sourceTree = "<group>"; };
		25E3C8F629AFFAAA00F0C3BF /* LayoutEdge.swift */ = {isa = PBXFileReference; lastKnownFileType = sourcecode.swift; path = LayoutEdge.swift; sourceTree = "<group>"; };
		25E3C8F829AFFAFA00F0C3BF /* SequenceOptionSet.swift */ = {isa = PBXFileReference; lastKnownFileType = sourcecode.swift; path = SequenceOptionSet.swift; sourceTree = "<group>"; };
		25E3C8FA29AFFB2400F0C3BF /* OptionSetIterator.swift */ = {isa = PBXFileReference; lastKnownFileType = sourcecode.swift; path = OptionSetIterator.swift; sourceTree = "<group>"; };
		25E3C8FD29AFFD2500F0C3BF /* Colors.swift */ = {isa = PBXFileReference; lastKnownFileType = sourcecode.swift; path = Colors.swift; sourceTree = "<group>"; };
/* End PBXFileReference section */

/* Begin PBXFrameworksBuildPhase section */
		25E3C8BF29AFDD3700F0C3BF /* Frameworks */ = {
			isa = PBXFrameworksBuildPhase;
			buildActionMask = 2147483647;
			files = (
			);
			runOnlyForDeploymentPostprocessing = 0;
		};
/* End PBXFrameworksBuildPhase section */

/* Begin PBXGroup section */
		25E3C8B929AFDD3700F0C3BF = {
			isa = PBXGroup;
			children = (
				25E3C8C429AFDD3700F0C3BF /* ZadanieRekrutacyjne */,
				25E3C8C329AFDD3700F0C3BF /* Products */,
			);
			sourceTree = "<group>";
		};
		25E3C8C329AFDD3700F0C3BF /* Products */ = {
			isa = PBXGroup;
			children = (
				25E3C8C229AFDD3700F0C3BF /* ZadanieRekrutacyjne.app */,
			);
			name = Products;
			sourceTree = "<group>";
		};
		25E3C8C429AFDD3700F0C3BF /* ZadanieRekrutacyjne */ = {
			isa = PBXGroup;
			children = (
				25E3C8F329AFF37D00F0C3BF /* Utils */,
				25E3C8C529AFDD3700F0C3BF /* AppDelegate.swift */,
				25E3C8C729AFDD3700F0C3BF /* SceneDelegate.swift */,
				25E3C8DA29AFDF7400F0C3BF /* Scenes */,
				25E3C8E329AFE18A00F0C3BF /* Networking */,
				25E3C8CE29AFDD3900F0C3BF /* Assets.xcassets */,
				25E3C8D029AFDD3900F0C3BF /* LaunchScreen.storyboard */,
				25E3C8D329AFDD3900F0C3BF /* Info.plist */,
			);
			path = ZadanieRekrutacyjne;
			sourceTree = "<group>";
		};
		25E3C8DA29AFDF7400F0C3BF /* Scenes */ = {
			isa = PBXGroup;
			children = (
				25E3C8EC29AFE97E00F0C3BF /* ProductsList */,
			);
			path = Scenes;
			sourceTree = "<group>";
		};
		25E3C8E329AFE18A00F0C3BF /* Networking */ = {
			isa = PBXGroup;
			children = (
				25E3C8E429AFE2AF00F0C3BF /* ProductsService.swift */,
				25E3C8E629AFE3C600F0C3BF /* ServiceProtocol.swift */,
				25E3C8E829AFE3FD00F0C3BF /* HTTPMethod.swift */,
				25E3C8EA29AFE48100F0C3BF /* NetworkManager.swift */,
			);
			path = Networking;
			sourceTree = "<group>";
		};
		25E3C8EC29AFE97E00F0C3BF /* ProductsList */ = {
			isa = PBXGroup;
			children = (
				25E3C8E129AFE04A00F0C3BF /* Product.swift */,
				25E3C8DE29AFDFDA00F0C3BF /* ProductsListView.swift */,
				25E3C8C929AFDD3700F0C3BF /* ProductsListViewController.swift */,
				25E3C8ED29AFE9DC00F0C3BF /* ProductListViewModel.swift */,
				25E3C8EF29AFF10D00F0C3BF /* ProductsListDataSource.swift */,
				25E3C8F129AFF2B700F0C3BF /* ProductListCell.swift */,
			);
			path = ProductsList;
			sourceTree = "<group>";
		};
		25E3C8F329AFF37D00F0C3BF /* Utils */ = {
			isa = PBXGroup;
			children = (
				25E3C8F429AFF38A00F0C3BF /* Identifiable.swift */,
				25E3C8FD29AFFD2500F0C3BF /* Colors.swift */,
				25E3C8FC29AFFB4F00F0C3BF /* Layout */,
			);
			path = Utils;
			sourceTree = "<group>";
		};
		25E3C8FC29AFFB4F00F0C3BF /* Layout */ = {
			isa = PBXGroup;
			children = (
				25E3C8F629AFFAAA00F0C3BF /* LayoutEdge.swift */,
				25E3C8F829AFFAFA00F0C3BF /* SequenceOptionSet.swift */,
				25E3C8FA29AFFB2400F0C3BF /* OptionSetIterator.swift */,
			);
			path = Layout;
			sourceTree = "<group>";
		};
/* End PBXGroup section */

/* Begin PBXNativeTarget section */
		25E3C8C129AFDD3700F0C3BF /* ZadanieRekrutacyjne */ = {
			isa = PBXNativeTarget;
			buildConfigurationList = 25E3C8D629AFDD3900F0C3BF /* Build configuration list for PBXNativeTarget "ZadanieRekrutacyjne" */;
			buildPhases = (
				25E3C8BE29AFDD3700F0C3BF /* Sources */,
				25E3C8BF29AFDD3700F0C3BF /* Frameworks */,
				25E3C8C029AFDD3700F0C3BF /* Resources */,
			);
			buildRules = (
			);
			dependencies = (
			);
			name = ZadanieRekrutacyjne;
			productName = ZadanieRekrutacyjne;
			productReference = 25E3C8C229AFDD3700F0C3BF /* ZadanieRekrutacyjne.app */;
			productType = "com.apple.product-type.application";
		};
/* End PBXNativeTarget section */

/* Begin PBXProject section */
		25E3C8BA29AFDD3700F0C3BF /* Project object */ = {
			isa = PBXProject;
			attributes = {
				BuildIndependentTargetsInParallel = 1;
				LastSwiftUpdateCheck = 1410;
				LastUpgradeCheck = 1410;
				TargetAttributes = {
					25E3C8C129AFDD3700F0C3BF = {
						CreatedOnToolsVersion = 14.1;
					};
				};
			};
			buildConfigurationList = 25E3C8BD29AFDD3700F0C3BF /* Build configuration list for PBXProject "ZadanieRekrutacyjne" */;
			compatibilityVersion = "Xcode 14.0";
			developmentRegion = en;
			hasScannedForEncodings = 0;
			knownRegions = (
				en,
				Base,
			);
			mainGroup = 25E3C8B929AFDD3700F0C3BF;
			productRefGroup = 25E3C8C329AFDD3700F0C3BF /* Products */;
			projectDirPath = "";
			projectRoot = "";
			targets = (
				25E3C8C129AFDD3700F0C3BF /* ZadanieRekrutacyjne */,
			);
		};
/* End PBXProject section */

/* Begin PBXResourcesBuildPhase section */
		25E3C8C029AFDD3700F0C3BF /* Resources */ = {
			isa = PBXResourcesBuildPhase;
			buildActionMask = 2147483647;
			files = (
				25E3C8D229AFDD3900F0C3BF /* LaunchScreen.storyboard in Resources */,
				25E3C8CF29AFDD3900F0C3BF /* Assets.xcassets in Resources */,
			);
			runOnlyForDeploymentPostprocessing = 0;
		};
/* End PBXResourcesBuildPhase section */

/* Begin PBXSourcesBuildPhase section */
		25E3C8BE29AFDD3700F0C3BF /* Sources */ = {
			isa = PBXSourcesBuildPhase;
			buildActionMask = 2147483647;
			files = (
				25E3C8F729AFFAAA00F0C3BF /* LayoutEdge.swift in Sources */,
				25E3C8FB29AFFB2400F0C3BF /* OptionSetIterator.swift in Sources */,
				25E3C8DF29AFDFDA00F0C3BF /* ProductsListView.swift in Sources */,
				25E3C8FE29AFFD2500F0C3BF /* Colors.swift in Sources */,
				25E3C8CA29AFDD3700F0C3BF /* ProductsListViewController.swift in Sources */,
				25E3C8E729AFE3C600F0C3BF /* ServiceProtocol.swift in Sources */,
				25E3C8F029AFF10D00F0C3BF /* ProductsListDataSource.swift in Sources */,
				25E3C8E229AFE04A00F0C3BF /* Product.swift in Sources */,
				25E3C8F229AFF2B700F0C3BF /* ProductListCell.swift in Sources */,
				25E3C8EB29AFE48100F0C3BF /* NetworkManager.swift in Sources */,
				25E3C8F929AFFAFA00F0C3BF /* SequenceOptionSet.swift in Sources */,
				25E3C8E929AFE3FD00F0C3BF /* HTTPMethod.swift in Sources */,
				25E3C8EE29AFE9DC00F0C3BF /* ProductListViewModel.swift in Sources */,
				25E3C8C629AFDD3700F0C3BF /* AppDelegate.swift in Sources */,
				25E3C8F529AFF38A00F0C3BF /* Identifiable.swift in Sources */,
				25E3C8C829AFDD3700F0C3BF /* SceneDelegate.swift in Sources */,
				25E3C8E529AFE2AF00F0C3BF /* ProductsService.swift in Sources */,
			);
			runOnlyForDeploymentPostprocessing = 0;
		};
/* End PBXSourcesBuildPhase section */

/* Begin PBXVariantGroup section */
		25E3C8D029AFDD3900F0C3BF /* LaunchScreen.storyboard */ = {
			isa = PBXVariantGroup;
			children = (
				25E3C8D129AFDD3900F0C3BF /* Base */,
			);
			name = LaunchScreen.storyboard;
			sourceTree = "<group>";
		};
/* End PBXVariantGroup section */

/* Begin XCBuildConfiguration section */
		25E3C8D429AFDD3900F0C3BF /* Debug */ = {
			isa = XCBuildConfiguration;
			buildSettings = {
				ALWAYS_SEARCH_USER_PATHS = NO;
				CLANG_ANALYZER_NONNULL = YES;
				CLANG_ANALYZER_NUMBER_OBJECT_CONVERSION = YES_AGGRESSIVE;
				CLANG_CXX_LANGUAGE_STANDARD = "gnu++20";
				CLANG_ENABLE_MODULES = YES;
				CLANG_ENABLE_OBJC_ARC = YES;
				CLANG_ENABLE_OBJC_WEAK = YES;
				CLANG_WARN_BLOCK_CAPTURE_AUTORELEASING = YES;
				CLANG_WARN_BOOL_CONVERSION = YES;
				CLANG_WARN_COMMA = YES;
				CLANG_WARN_CONSTANT_CONVERSION = YES;
				CLANG_WARN_DEPRECATED_OBJC_IMPLEMENTATIONS = YES;
				CLANG_WARN_DIRECT_OBJC_ISA_USAGE = YES_ERROR;
				CLANG_WARN_DOCUMENTATION_COMMENTS = YES;
				CLANG_WARN_EMPTY_BODY = YES;
				CLANG_WARN_ENUM_CONVERSION = YES;
				CLANG_WARN_INFINITE_RECURSION = YES;
				CLANG_WARN_INT_CONVERSION = YES;
				CLANG_WARN_NON_LITERAL_NULL_CONVERSION = YES;
				CLANG_WARN_OBJC_IMPLICIT_RETAIN_SELF = YES;
				CLANG_WARN_OBJC_LITERAL_CONVERSION = YES;
				CLANG_WARN_OBJC_ROOT_CLASS = YES_ERROR;
				CLANG_WARN_QUOTED_INCLUDE_IN_FRAMEWORK_HEADER = YES;
				CLANG_WARN_RANGE_LOOP_ANALYSIS = YES;
				CLANG_WARN_STRICT_PROTOTYPES = YES;
				CLANG_WARN_SUSPICIOUS_MOVE = YES;
				CLANG_WARN_UNGUARDED_AVAILABILITY = YES_AGGRESSIVE;
				CLANG_WARN_UNREACHABLE_CODE = YES;
				CLANG_WARN__DUPLICATE_METHOD_MATCH = YES;
				COPY_PHASE_STRIP = NO;
				DEBUG_INFORMATION_FORMAT = dwarf;
				ENABLE_STRICT_OBJC_MSGSEND = YES;
				ENABLE_TESTABILITY = YES;
				GCC_C_LANGUAGE_STANDARD = gnu11;
				GCC_DYNAMIC_NO_PIC = NO;
				GCC_NO_COMMON_BLOCKS = YES;
				GCC_OPTIMIZATION_LEVEL = 0;
				GCC_PREPROCESSOR_DEFINITIONS = (
					"DEBUG=1",
					"$(inherited)",
				);
				GCC_WARN_64_TO_32_BIT_CONVERSION = YES;
				GCC_WARN_ABOUT_RETURN_TYPE = YES_ERROR;
				GCC_WARN_UNDECLARED_SELECTOR = YES;
				GCC_WARN_UNINITIALIZED_AUTOS = YES_AGGRESSIVE;
				GCC_WARN_UNUSED_FUNCTION = YES;
				GCC_WARN_UNUSED_VARIABLE = YES;
				IPHONEOS_DEPLOYMENT_TARGET = 16.1;
				MTL_ENABLE_DEBUG_INFO = INCLUDE_SOURCE;
				MTL_FAST_MATH = YES;
				ONLY_ACTIVE_ARCH = YES;
				SDKROOT = iphoneos;
				SWIFT_ACTIVE_COMPILATION_CONDITIONS = DEBUG;
				SWIFT_OPTIMIZATION_LEVEL = "-Onone";
			};
			name = Debug;
		};
		25E3C8D529AFDD3900F0C3BF /* Release */ = {
			isa = XCBuildConfiguration;
			buildSettings = {
				ALWAYS_SEARCH_USER_PATHS = NO;
				CLANG_ANALYZER_NONNULL = YES;
				CLANG_ANALYZER_NUMBER_OBJECT_CONVERSION = YES_AGGRESSIVE;
				CLANG_CXX_LANGUAGE_STANDARD = "gnu++20";
				CLANG_ENABLE_MODULES = YES;
				CLANG_ENABLE_OBJC_ARC = YES;
				CLANG_ENABLE_OBJC_WEAK = YES;
				CLANG_WARN_BLOCK_CAPTURE_AUTORELEASING = YES;
				CLANG_WARN_BOOL_CONVERSION = YES;
				CLANG_WARN_COMMA = YES;
				CLANG_WARN_CONSTANT_CONVERSION = YES;
				CLANG_WARN_DEPRECATED_OBJC_IMPLEMENTATIONS = YES;
				CLANG_WARN_DIRECT_OBJC_ISA_USAGE = YES_ERROR;
				CLANG_WARN_DOCUMENTATION_COMMENTS = YES;
				CLANG_WARN_EMPTY_BODY = YES;
				CLANG_WARN_ENUM_CONVERSION = YES;
				CLANG_WARN_INFINITE_RECURSION = YES;
				CLANG_WARN_INT_CONVERSION = YES;
				CLANG_WARN_NON_LITERAL_NULL_CONVERSION = YES;
				CLANG_WARN_OBJC_IMPLICIT_RETAIN_SELF = YES;
				CLANG_WARN_OBJC_LITERAL_CONVERSION = YES;
				CLANG_WARN_OBJC_ROOT_CLASS = YES_ERROR;
				CLANG_WARN_QUOTED_INCLUDE_IN_FRAMEWORK_HEADER = YES;
				CLANG_WARN_RANGE_LOOP_ANALYSIS = YES;
				CLANG_WARN_STRICT_PROTOTYPES = YES;
				CLANG_WARN_SUSPICIOUS_MOVE = YES;
				CLANG_WARN_UNGUARDED_AVAILABILITY = YES_AGGRESSIVE;
				CLANG_WARN_UNREACHABLE_CODE = YES;
				CLANG_WARN__DUPLICATE_METHOD_MATCH = YES;
				COPY_PHASE_STRIP = NO;
				DEBUG_INFORMATION_FORMAT = "dwarf-with-dsym";
				ENABLE_NS_ASSERTIONS = NO;
				ENABLE_STRICT_OBJC_MSGSEND = YES;
				GCC_C_LANGUAGE_STANDARD = gnu11;
				GCC_NO_COMMON_BLOCKS = YES;
				GCC_WARN_64_TO_32_BIT_CONVERSION = YES;
				GCC_WARN_ABOUT_RETURN_TYPE = YES_ERROR;
				GCC_WARN_UNDECLARED_SELECTOR = YES;
				GCC_WARN_UNINITIALIZED_AUTOS = YES_AGGRESSIVE;
				GCC_WARN_UNUSED_FUNCTION = YES;
				GCC_WARN_UNUSED_VARIABLE = YES;
				IPHONEOS_DEPLOYMENT_TARGET = 16.1;
				MTL_ENABLE_DEBUG_INFO = NO;
				MTL_FAST_MATH = YES;
				SDKROOT = iphoneos;
				SWIFT_COMPILATION_MODE = wholemodule;
				SWIFT_OPTIMIZATION_LEVEL = "-O";
				VALIDATE_PRODUCT = YES;
			};
			name = Release;
		};
		25E3C8D729AFDD3900F0C3BF /* Debug */ = {
			isa = XCBuildConfiguration;
			buildSettings = {
				ASSETCATALOG_COMPILER_APPICON_NAME = AppIcon;
				ASSETCATALOG_COMPILER_GLOBAL_ACCENT_COLOR_NAME = AccentColor;
				CODE_SIGN_STYLE = Automatic;
				CURRENT_PROJECT_VERSION = 1;
				DEVELOPMENT_TEAM = 9734TBY65C;
				GENERATE_INFOPLIST_FILE = YES;
				INFOPLIST_FILE = ZadanieRekrutacyjne/Info.plist;
				INFOPLIST_KEY_UIApplicationSupportsIndirectInputEvents = YES;
				INFOPLIST_KEY_UILaunchStoryboardName = LaunchScreen;
				INFOPLIST_KEY_UISupportedInterfaceOrientations_iPad = "UIInterfaceOrientationPortrait UIInterfaceOrientationPortraitUpsideDown UIInterfaceOrientationLandscapeLeft UIInterfaceOrientationLandscapeRight";
				INFOPLIST_KEY_UISupportedInterfaceOrientations_iPhone = "UIInterfaceOrientationPortrait UIInterfaceOrientationLandscapeLeft UIInterfaceOrientationLandscapeRight";
				LD_RUNPATH_SEARCH_PATHS = (
					"$(inherited)",
					"@executable_path/Frameworks",
				);
				MARKETING_VERSION = 1.0;
				PRODUCT_BUNDLE_IDENTIFIER = com.aleksytylkowski.ZadanieRekrutacyjne;
				PRODUCT_NAME = "$(TARGET_NAME)";
				SWIFT_EMIT_LOC_STRINGS = YES;
				SWIFT_VERSION = 5.0;
				TARGETED_DEVICE_FAMILY = "1,2";
			};
			name = Debug;
		};
		25E3C8D829AFDD3900F0C3BF /* Release */ = {
			isa = XCBuildConfiguration;
			buildSettings = {
				ASSETCATALOG_COMPILER_APPICON_NAME = AppIcon;
				ASSETCATALOG_COMPILER_GLOBAL_ACCENT_COLOR_NAME = AccentColor;
				CODE_SIGN_STYLE = Automatic;
				CURRENT_PROJECT_VERSION = 1;
				DEVELOPMENT_TEAM = 9734TBY65C;
				GENERATE_INFOPLIST_FILE = YES;
				INFOPLIST_FILE = ZadanieRekrutacyjne/Info.plist;
				INFOPLIST_KEY_UIApplicationSupportsIndirectInputEvents = YES;
				INFOPLIST_KEY_UILaunchStoryboardName = LaunchScreen;
				INFOPLIST_KEY_UIMainStoryboardFile = Main;
				INFOPLIST_KEY_UISupportedInterfaceOrientations_iPad = "UIInterfaceOrientationPortrait UIInterfaceOrientationPortraitUpsideDown UIInterfaceOrientationLandscapeLeft UIInterfaceOrientationLandscapeRight";
				INFOPLIST_KEY_UISupportedInterfaceOrientations_iPhone = "UIInterfaceOrientationPortrait UIInterfaceOrientationLandscapeLeft UIInterfaceOrientationLandscapeRight";
				LD_RUNPATH_SEARCH_PATHS = (
					"$(inherited)",
					"@executable_path/Frameworks",
				);
				MARKETING_VERSION = 1.0;
				PRODUCT_BUNDLE_IDENTIFIER = com.aleksytylkowski.ZadanieRekrutacyjne;
				PRODUCT_NAME = "$(TARGET_NAME)";
				SWIFT_EMIT_LOC_STRINGS = YES;
				SWIFT_VERSION = 5.0;
				TARGETED_DEVICE_FAMILY = "1,2";
			};
			name = Release;
		};
/* End XCBuildConfiguration section */

/* Begin XCConfigurationList section */
		25E3C8BD29AFDD3700F0C3BF /* Build configuration list for PBXProject "ZadanieRekrutacyjne" */ = {
			isa = XCConfigurationList;
			buildConfigurations = (
				25E3C8D429AFDD3900F0C3BF /* Debug */,
				25E3C8D529AFDD3900F0C3BF /* Release */,
			);
			defaultConfigurationIsVisible = 0;
			defaultConfigurationName = Release;
		};
		25E3C8D629AFDD3900F0C3BF /* Build configuration list for PBXNativeTarget "ZadanieRekrutacyjne" */ = {
			isa = XCConfigurationList;
			buildConfigurations = (
				25E3C8D729AFDD3900F0C3BF /* Debug */,
				25E3C8D829AFDD3900F0C3BF /* Release */,
			);
			defaultConfigurationIsVisible = 0;
			defaultConfigurationName = Release;
		};
/* End XCConfigurationList section */
	};
	rootObject = 25E3C8BA29AFDD3700F0C3BF /* Project object */;
}
